// !$*UTF8*$!
{
	archiveVersion = 1;
	classes = {
	};
	objectVersion = 55;
	objects = {

/* Begin PBXBuildFile section */
		6D1458E92892579C0050EAF9 /* AppDelegate.swift in Sources */ = {isa = PBXBuildFile; fileRef = 6D1458E82892579C0050EAF9 /* AppDelegate.swift */; };
		6D1458EB2892579C0050EAF9 /* SceneDelegate.swift in Sources */ = {isa = PBXBuildFile; fileRef = 6D1458EA2892579C0050EAF9 /* SceneDelegate.swift */; };
		6D1458F02892579D0050EAF9 /* Main.storyboard in Resources */ = {isa = PBXBuildFile; fileRef = 6D1458EE2892579D0050EAF9 /* Main.storyboard */; };
		6D1458F22892579F0050EAF9 /* Assets.xcassets in Resources */ = {isa = PBXBuildFile; fileRef = 6D1458F12892579F0050EAF9 /* Assets.xcassets */; };
		6D1458F52892579F0050EAF9 /* LaunchScreen.storyboard in Resources */ = {isa = PBXBuildFile; fileRef = 6D1458F32892579F0050EAF9 /* LaunchScreen.storyboard */; };
		6D1458FE289257E10050EAF9 /* Kingfisher in Frameworks */ = {isa = PBXBuildFile; productRef = 6D1458FD289257E10050EAF9 /* Kingfisher */; };
		6D14590A28925E8B0050EAF9 /* Constraint.swift in Sources */ = {isa = PBXBuildFile; fileRef = 6D14590928925E8B0050EAF9 /* Constraint.swift */; };
		6D14591028925FA10050EAF9 /* NewsViewModel.swift in Sources */ = {isa = PBXBuildFile; fileRef = 6D14590F28925FA10050EAF9 /* NewsViewModel.swift */; };
		6D14591228925FAE0050EAF9 /* NewsModel.swift in Sources */ = {isa = PBXBuildFile; fileRef = 6D14591128925FAE0050EAF9 /* NewsModel.swift */; };
		6D14591B289261AF0050EAF9 /* URLSession.swift in Sources */ = {isa = PBXBuildFile; fileRef = 6D14591A289261AF0050EAF9 /* URLSession.swift */; };
		6D14591F289262290050EAF9 /* TopNewsTableViewCell.swift in Sources */ = {isa = PBXBuildFile; fileRef = 6D14591D289262290050EAF9 /* TopNewsTableViewCell.swift */; };
		6D145920289262290050EAF9 /* TopNewsTableViewCell.xib in Resources */ = {isa = PBXBuildFile; fileRef = 6D14591E289262290050EAF9 /* TopNewsTableViewCell.xib */; };
		6D145922289262650050EAF9 /* Utils.swift in Sources */ = {isa = PBXBuildFile; fileRef = 6D145921289262650050EAF9 /* Utils.swift */; };
		6D14592628927B170050EAF9 /* Helper.swift in Sources */ = {isa = PBXBuildFile; fileRef = 6D14592528927B170050EAF9 /* Helper.swift */; };
		6D14592828928A3E0050EAF9 /* NewsViewController.swift in Sources */ = {isa = PBXBuildFile; fileRef = 6D14592728928A3E0050EAF9 /* NewsViewController.swift */; };
/* End PBXBuildFile section */

/* Begin PBXFileReference section */
		6D1458E52892579C0050EAF9 /* TOP NEWS.app */ = {isa = PBXFileReference; explicitFileType = wrapper.application; includeInIndex = 0; path = "TOP NEWS.app"; sourceTree = BUILT_PRODUCTS_DIR; };
		6D1458E82892579C0050EAF9 /* AppDelegate.swift */ = {isa = PBXFileReference; lastKnownFileType = sourcecode.swift; path = AppDelegate.swift; sourceTree = "<group>"; };
		6D1458EA2892579C0050EAF9 /* SceneDelegate.swift */ = {isa = PBXFileReference; lastKnownFileType = sourcecode.swift; path = SceneDelegate.swift; sourceTree = "<group>"; };
		6D1458EF2892579D0050EAF9 /* Base */ = {isa = PBXFileReference; lastKnownFileType = file.storyboard; name = Base; path = Base.lproj/Main.storyboard; sourceTree = "<group>"; };
		6D1458F12892579F0050EAF9 /* Assets.xcassets */ = {isa = PBXFileReference; lastKnownFileType = folder.assetcatalog; path = Assets.xcassets; sourceTree = "<group>"; };
		6D1458F42892579F0050EAF9 /* Base */ = {isa = PBXFileReference; lastKnownFileType = file.storyboard; name = Base; path = Base.lproj/LaunchScreen.storyboard; sourceTree = "<group>"; };
		6D1458F62892579F0050EAF9 /* Info.plist */ = {isa = PBXFileReference; lastKnownFileType = text.plist.xml; path = Info.plist; sourceTree = "<group>"; };
		6D14590928925E8B0050EAF9 /* Constraint.swift */ = {isa = PBXFileReference; lastKnownFileType = sourcecode.swift; path = Constraint.swift; sourceTree = "<group>"; };
		6D14590F28925FA10050EAF9 /* NewsViewModel.swift */ = {isa = PBXFileReference; lastKnownFileType = sourcecode.swift; path = NewsViewModel.swift; sourceTree = "<group>"; };
		6D14591128925FAE0050EAF9 /* NewsModel.swift */ = {isa = PBXFileReference; lastKnownFileType = sourcecode.swift; path = NewsModel.swift; sourceTree = "<group>"; };
		6D14591A289261AF0050EAF9 /* URLSession.swift */ = {isa = PBXFileReference; lastKnownFileType = sourcecode.swift; path = URLSession.swift; sourceTree = "<group>"; };
		6D14591D289262290050EAF9 /* TopNewsTableViewCell.swift */ = {isa = PBXFileReference; lastKnownFileType = sourcecode.swift; path = TopNewsTableViewCell.swift; sourceTree = "<group>"; };
		6D14591E289262290050EAF9 /* TopNewsTableViewCell.xib */ = {isa = PBXFileReference; lastKnownFileType = file.xib; path = TopNewsTableViewCell.xib; sourceTree = "<group>"; };
		6D145921289262650050EAF9 /* Utils.swift */ = {isa = PBXFileReference; lastKnownFileType = sourcecode.swift; path = Utils.swift; sourceTree = "<group>"; };
		6D14592528927B170050EAF9 /* Helper.swift */ = {isa = PBXFileReference; lastKnownFileType = sourcecode.swift; path = Helper.swift; sourceTree = "<group>"; };
		6D14592728928A3E0050EAF9 /* NewsViewController.swift */ = {isa = PBXFileReference; lastKnownFileType = sourcecode.swift; path = NewsViewController.swift; sourceTree = "<group>"; };
/* End PBXFileReference section */

/* Begin PBXFrameworksBuildPhase section */
		6D1458E22892579C0050EAF9 /* Frameworks */ = {
			isa = PBXFrameworksBuildPhase;
			buildActionMask = 2147483647;
			files = (
				6D1458FE289257E10050EAF9 /* Kingfisher in Frameworks */,
			);
			runOnlyForDeploymentPostprocessing = 0;
		};
/* End PBXFrameworksBuildPhase section */

/* Begin PBXGroup section */
		6D1458DC2892579C0050EAF9 = {
			isa = PBXGroup;
			children = (
				6D1458E72892579C0050EAF9 /* TOP NEWS */,
				6D1458E62892579C0050EAF9 /* Products */,
			);
			sourceTree = "<group>";
		};
		6D1458E62892579C0050EAF9 /* Products */ = {
			isa = PBXGroup;
			children = (
				6D1458E52892579C0050EAF9 /* TOP NEWS.app */,
			);
			name = Products;
			sourceTree = "<group>";
		};
		6D1458E72892579C0050EAF9 /* TOP NEWS */ = {
			isa = PBXGroup;
			children = (
				6D145902289258BF0050EAF9 /* Model */,
				6D145903289258C60050EAF9 /* ViewModel */,
				6D145901289258A70050EAF9 /* Controller */,
				6D145904289258D90050EAF9 /* View */,
				6D14590528925D8D0050EAF9 /* AppSetup */,
				6D1458F62892579F0050EAF9 /* Info.plist */,
			);
			path = "TOP NEWS";
			sourceTree = "<group>";
		};
		6D1458FF289257FE0050EAF9 /* MainDelegate */ = {
			isa = PBXGroup;
			children = (
				6D1458E82892579C0050EAF9 /* AppDelegate.swift */,
				6D1458EA2892579C0050EAF9 /* SceneDelegate.swift */,
			);
			path = MainDelegate;
			sourceTree = "<group>";
		};
		6D145901289258A70050EAF9 /* Controller */ = {
			isa = PBXGroup;
			children = (
				6D14592728928A3E0050EAF9 /* NewsViewController.swift */,
			);
			path = Controller;
			sourceTree = "<group>";
		};
		6D145902289258BF0050EAF9 /* Model */ = {
			isa = PBXGroup;
			children = (
				6D14591128925FAE0050EAF9 /* NewsModel.swift */,
			);
			path = Model;
			sourceTree = "<group>";
		};
		6D145903289258C60050EAF9 /* ViewModel */ = {
			isa = PBXGroup;
			children = (
				6D14590F28925FA10050EAF9 /* NewsViewModel.swift */,
			);
			path = ViewModel;
			sourceTree = "<group>";
		};
		6D145904289258D90050EAF9 /* View */ = {
			isa = PBXGroup;
			children = (
				6D14591C2892620C0050EAF9 /* TableViewCell */,
				6D1458EE2892579D0050EAF9 /* Main.storyboard */,
				6D1458F32892579F0050EAF9 /* LaunchScreen.storyboard */,
			);
			path = View;
			sourceTree = "<group>";
		};
		6D14590528925D8D0050EAF9 /* AppSetup */ = {
			isa = PBXGroup;
			children = (
				6D14590828925DC00050EAF9 /* Network */,
				6D14590728925DAD0050EAF9 /* Utils */,
				6D14590628925D9D0050EAF9 /* Constant */,
				6D1458FF289257FE0050EAF9 /* MainDelegate */,
				6D1458F12892579F0050EAF9 /* Assets.xcassets */,
			);
			path = AppSetup;
			sourceTree = "<group>";
		};
		6D14590628925D9D0050EAF9 /* Constant */ = {
			isa = PBXGroup;
			children = (
				6D14590928925E8B0050EAF9 /* Constraint.swift */,
			);
			path = Constant;
			sourceTree = "<group>";
		};
		6D14590728925DAD0050EAF9 /* Utils */ = {
			isa = PBXGroup;
			children = (
				6D145921289262650050EAF9 /* Utils.swift */,
			);
			path = Utils;
			sourceTree = "<group>";
		};
		6D14590828925DC00050EAF9 /* Network */ = {
			isa = PBXGroup;
			children = (
				6D14591A289261AF0050EAF9 /* URLSession.swift */,
				6D14592528927B170050EAF9 /* Helper.swift */,
			);
			path = Network;
			sourceTree = "<group>";
		};
		6D14591C2892620C0050EAF9 /* TableViewCell */ = {
			isa = PBXGroup;
			children = (
				6D14591D289262290050EAF9 /* TopNewsTableViewCell.swift */,
				6D14591E289262290050EAF9 /* TopNewsTableViewCell.xib */,
			);
			path = TableViewCell;
			sourceTree = "<group>";
		};
/* End PBXGroup section */

/* Begin PBXNativeTarget section */
		6D1458E42892579C0050EAF9 /* TOP NEWS */ = {
			isa = PBXNativeTarget;
			buildConfigurationList = 6D1458F92892579F0050EAF9 /* Build configuration list for PBXNativeTarget "TOP NEWS" */;
			buildPhases = (
				6D1458E12892579C0050EAF9 /* Sources */,
				6D1458E22892579C0050EAF9 /* Frameworks */,
				6D1458E32892579C0050EAF9 /* Resources */,
			);
			buildRules = (
			);
			dependencies = (
			);
			name = "TOP NEWS";
			packageProductDependencies = (
				6D1458FD289257E10050EAF9 /* Kingfisher */,
			);
			productName = "TOP NEWS";
			productReference = 6D1458E52892579C0050EAF9 /* TOP NEWS.app */;
			productType = "com.apple.product-type.application";
		};
/* End PBXNativeTarget section */

/* Begin PBXProject section */
		6D1458DD2892579C0050EAF9 /* Project object */ = {
			isa = PBXProject;
			attributes = {
				BuildIndependentTargetsInParallel = 1;
				LastSwiftUpdateCheck = 1340;
				LastUpgradeCheck = 1340;
				TargetAttributes = {
					6D1458E42892579C0050EAF9 = {
						CreatedOnToolsVersion = 13.4.1;
					};
				};
			};
			buildConfigurationList = 6D1458E02892579C0050EAF9 /* Build configuration list for PBXProject "TOP NEWS" */;
			compatibilityVersion = "Xcode 13.0";
			developmentRegion = en;
			hasScannedForEncodings = 0;
			knownRegions = (
				en,
				Base,
			);
			mainGroup = 6D1458DC2892579C0050EAF9;
			packageReferences = (
				6D1458FC289257E10050EAF9 /* XCRemoteSwiftPackageReference "Kingfisher" */,
			);
			productRefGroup = 6D1458E62892579C0050EAF9 /* Products */;
			projectDirPath = "";
			projectRoot = "";
			targets = (
				6D1458E42892579C0050EAF9 /* TOP NEWS */,
			);
		};
/* End PBXProject section */

/* Begin PBXResourcesBuildPhase section */
		6D1458E32892579C0050EAF9 /* Resources */ = {
			isa = PBXResourcesBuildPhase;
			buildActionMask = 2147483647;
			files = (
				6D145920289262290050EAF9 /* TopNewsTableViewCell.xib in Resources */,
				6D1458F52892579F0050EAF9 /* LaunchScreen.storyboard in Resources */,
				6D1458F22892579F0050EAF9 /* Assets.xcassets in Resources */,
				6D1458F02892579D0050EAF9 /* Main.storyboard in Resources */,
			);
			runOnlyForDeploymentPostprocessing = 0;
		};
/* End PBXResourcesBuildPhase section */

/* Begin PBXSourcesBuildPhase section */
		6D1458E12892579C0050EAF9 /* Sources */ = {
			isa = PBXSourcesBuildPhase;
			buildActionMask = 2147483647;
			files = (
				6D14591228925FAE0050EAF9 /* NewsModel.swift in Sources */,
				6D14590A28925E8B0050EAF9 /* Constraint.swift in Sources */,
				6D1458E92892579C0050EAF9 /* AppDelegate.swift in Sources */,
				6D14591F289262290050EAF9 /* TopNewsTableViewCell.swift in Sources */,
				6D14591028925FA10050EAF9 /* NewsViewModel.swift in Sources */,
				6D14592828928A3E0050EAF9 /* NewsViewController.swift in Sources */,
				6D14591B289261AF0050EAF9 /* URLSession.swift in Sources */,
				6D14592628927B170050EAF9 /* Helper.swift in Sources */,
				6D145922289262650050EAF9 /* Utils.swift in Sources */,
				6D1458EB2892579C0050EAF9 /* SceneDelegate.swift in Sources */,
			);
			runOnlyForDeploymentPostprocessing = 0;
		};
/* End PBXSourcesBuildPhase section */

/* Begin PBXVariantGroup section */
		6D1458EE2892579D0050EAF9 /* Main.storyboard */ = {
			isa = PBXVariantGroup;
			children = (
				6D1458EF2892579D0050EAF9 /* Base */,
			);
			name = Main.storyboard;
			sourceTree = "<group>";
		};
		6D1458F32892579F0050EAF9 /* LaunchScreen.storyboard */ = {
			isa = PBXVariantGroup;
			children = (
				6D1458F42892579F0050EAF9 /* Base */,
			);
			name = LaunchScreen.storyboard;
			sourceTree = "<group>";
		};
/* End PBXVariantGroup section */

/* Begin XCBuildConfiguration section */
		6D1458F72892579F0050EAF9 /* Debug */ = {
			isa = XCBuildConfiguration;
			buildSettings = {
				ALWAYS_SEARCH_USER_PATHS = NO;
				CLANG_ANALYZER_NONNULL = YES;
				CLANG_ANALYZER_NUMBER_OBJECT_CONVERSION = YES_AGGRESSIVE;
				CLANG_CXX_LANGUAGE_STANDARD = "gnu++17";
				CLANG_ENABLE_MODULES = YES;
				CLANG_ENABLE_OBJC_ARC = YES;
				CLANG_ENABLE_OBJC_WEAK = YES;
				CLANG_WARN_BLOCK_CAPTURE_AUTORELEASING = YES;
				CLANG_WARN_BOOL_CONVERSION = YES;
				CLANG_WARN_COMMA = YES;
				CLANG_WARN_CONSTANT_CONVERSION = YES;
				CLANG_WARN_DEPRECATED_OBJC_IMPLEMENTATIONS = YES;
				CLANG_WARN_DIRECT_OBJC_ISA_USAGE = YES_ERROR;
				CLANG_WARN_DOCUMENTATION_COMMENTS = YES;
				CLANG_WARN_EMPTY_BODY = YES;
				CLANG_WARN_ENUM_CONVERSION = YES;
				CLANG_WARN_INFINITE_RECURSION = YES;
				CLANG_WARN_INT_CONVERSION = YES;
				CLANG_WARN_NON_LITERAL_NULL_CONVERSION = YES;
				CLANG_WARN_OBJC_IMPLICIT_RETAIN_SELF = YES;
				CLANG_WARN_OBJC_LITERAL_CONVERSION = YES;
				CLANG_WARN_OBJC_ROOT_CLASS = YES_ERROR;
				CLANG_WARN_QUOTED_INCLUDE_IN_FRAMEWORK_HEADER = YES;
				CLANG_WARN_RANGE_LOOP_ANALYSIS = YES;
				CLANG_WARN_STRICT_PROTOTYPES = YES;
				CLANG_WARN_SUSPICIOUS_MOVE = YES;
				CLANG_WARN_UNGUARDED_AVAILABILITY = YES_AGGRESSIVE;
				CLANG_WARN_UNREACHABLE_CODE = YES;
				CLANG_WARN__DUPLICATE_METHOD_MATCH = YES;
				COPY_PHASE_STRIP = NO;
				DEBUG_INFORMATION_FORMAT = dwarf;
				ENABLE_STRICT_OBJC_MSGSEND = YES;
				ENABLE_TESTABILITY = YES;
				GCC_C_LANGUAGE_STANDARD = gnu11;
				GCC_DYNAMIC_NO_PIC = NO;
				GCC_NO_COMMON_BLOCKS = YES;
				GCC_OPTIMIZATION_LEVEL = 0;
				GCC_PREPROCESSOR_DEFINITIONS = (
					"DEBUG=1",
					"$(inherited)",
				);
				GCC_WARN_64_TO_32_BIT_CONVERSION = YES;
				GCC_WARN_ABOUT_RETURN_TYPE = YES_ERROR;
				GCC_WARN_UNDECLARED_SELECTOR = YES;
				GCC_WARN_UNINITIALIZED_AUTOS = YES_AGGRESSIVE;
				GCC_WARN_UNUSED_FUNCTION = YES;
				GCC_WARN_UNUSED_VARIABLE = YES;
				IPHONEOS_DEPLOYMENT_TARGET = 15.5;
				MTL_ENABLE_DEBUG_INFO = INCLUDE_SOURCE;
				MTL_FAST_MATH = YES;
				ONLY_ACTIVE_ARCH = YES;
				SDKROOT = iphoneos;
				SWIFT_ACTIVE_COMPILATION_CONDITIONS = DEBUG;
				SWIFT_OPTIMIZATION_LEVEL = "-Onone";
			};
			name = Debug;
		};
		6D1458F82892579F0050EAF9 /* Release */ = {
			isa = XCBuildConfiguration;
			buildSettings = {
				ALWAYS_SEARCH_USER_PATHS = NO;
				CLANG_ANALYZER_NONNULL = YES;
				CLANG_ANALYZER_NUMBER_OBJECT_CONVERSION = YES_AGGRESSIVE;
				CLANG_CXX_LANGUAGE_STANDARD = "gnu++17";
				CLANG_ENABLE_MODULES = YES;
				CLANG_ENABLE_OBJC_ARC = YES;
				CLANG_ENABLE_OBJC_WEAK = YES;
				CLANG_WARN_BLOCK_CAPTURE_AUTORELEASING = YES;
				CLANG_WARN_BOOL_CONVERSION = YES;
				CLANG_WARN_COMMA = YES;
				CLANG_WARN_CONSTANT_CONVERSION = YES;
				CLANG_WARN_DEPRECATED_OBJC_IMPLEMENTATIONS = YES;
				CLANG_WARN_DIRECT_OBJC_ISA_USAGE = YES_ERROR;
				CLANG_WARN_DOCUMENTATION_COMMENTS = YES;
				CLANG_WARN_EMPTY_BODY = YES;
				CLANG_WARN_ENUM_CONVERSION = YES;
				CLANG_WARN_INFINITE_RECURSION = YES;
				CLANG_WARN_INT_CONVERSION = YES;
				CLANG_WARN_NON_LITERAL_NULL_CONVERSION = YES;
				CLANG_WARN_OBJC_IMPLICIT_RETAIN_SELF = YES;
				CLANG_WARN_OBJC_LITERAL_CONVERSION = YES;
				CLANG_WARN_OBJC_ROOT_CLASS = YES_ERROR;
				CLANG_WARN_QUOTED_INCLUDE_IN_FRAMEWORK_HEADER = YES;
				CLANG_WARN_RANGE_LOOP_ANALYSIS = YES;
				CLANG_WARN_STRICT_PROTOTYPES = YES;
				CLANG_WARN_SUSPICIOUS_MOVE = YES;
				CLANG_WARN_UNGUARDED_AVAILABILITY = YES_AGGRESSIVE;
				CLANG_WARN_UNREACHABLE_CODE = YES;
				CLANG_WARN__DUPLICATE_METHOD_MATCH = YES;
				COPY_PHASE_STRIP = NO;
				DEBUG_INFORMATION_FORMAT = "dwarf-with-dsym";
				ENABLE_NS_ASSERTIONS = NO;
				ENABLE_STRICT_OBJC_MSGSEND = YES;
				GCC_C_LANGUAGE_STANDARD = gnu11;
				GCC_NO_COMMON_BLOCKS = YES;
				GCC_WARN_64_TO_32_BIT_CONVERSION = YES;
				GCC_WARN_ABOUT_RETURN_TYPE = YES_ERROR;
				GCC_WARN_UNDECLARED_SELECTOR = YES;
				GCC_WARN_UNINITIALIZED_AUTOS = YES_AGGRESSIVE;
				GCC_WARN_UNUSED_FUNCTION = YES;
				GCC_WARN_UNUSED_VARIABLE = YES;
				IPHONEOS_DEPLOYMENT_TARGET = 15.5;
				MTL_ENABLE_DEBUG_INFO = NO;
				MTL_FAST_MATH = YES;
				SDKROOT = iphoneos;
				SWIFT_COMPILATION_MODE = wholemodule;
				SWIFT_OPTIMIZATION_LEVEL = "-O";
				VALIDATE_PRODUCT = YES;
			};
			name = Release;
		};
		6D1458FA2892579F0050EAF9 /* Debug */ = {
			isa = XCBuildConfiguration;
			buildSettings = {
				ASSETCATALOG_COMPILER_APPICON_NAME = AppIcon;
				ASSETCATALOG_COMPILER_GLOBAL_ACCENT_COLOR_NAME = AccentColor;
				CODE_SIGN_STYLE = Automatic;
				CURRENT_PROJECT_VERSION = 1;
				DEVELOPMENT_TEAM = 8KNHQL98DD;
				GENERATE_INFOPLIST_FILE = YES;
				INFOPLIST_FILE = "TOP NEWS/Info.plist";
				INFOPLIST_KEY_UIApplicationSupportsIndirectInputEvents = YES;
				INFOPLIST_KEY_UILaunchStoryboardName = LaunchScreen;
				INFOPLIST_KEY_UIMainStoryboardFile = Main;
				INFOPLIST_KEY_UISupportedInterfaceOrientations_iPad = "UIInterfaceOrientationPortrait UIInterfaceOrientationPortraitUpsideDown UIInterfaceOrientationLandscapeLeft UIInterfaceOrientationLandscapeRight";
				INFOPLIST_KEY_UISupportedInterfaceOrientations_iPhone = "UIInterfaceOrientationPortrait UIInterfaceOrientationLandscapeLeft UIInterfaceOrientationLandscapeRight";
				INFOPLIST_KEY_UIUserInterfaceStyle = Light;
				IPHONEOS_DEPLOYMENT_TARGET = 15.0;
				LD_RUNPATH_SEARCH_PATHS = (
					"$(inherited)",
					"@executable_path/Frameworks",
				);
				MARKETING_VERSION = 1.0;
				PRODUCT_BUNDLE_IDENTIFIER = "software.aks.TOP-NEWS";
				PRODUCT_NAME = "$(TARGET_NAME)";
				SWIFT_EMIT_LOC_STRINGS = YES;
				SWIFT_VERSION = 5.0;
				TARGETED_DEVICE_FAMILY = "1,2";
			};
			name = Debug;
		};
		6D1458FB2892579F0050EAF9 /* Release */ = {
			isa = XCBuildConfiguration;
			buildSettings = {
				ASSETCATALOG_COMPILER_APPICON_NAME = AppIcon;
				ASSETCATALOG_COMPILER_GLOBAL_ACCENT_COLOR_NAME = AccentColor;
				CODE_SIGN_STYLE = Automatic;
				CURRENT_PROJECT_VERSION = 1;
				DEVELOPMENT_TEAM = 8KNHQL98DD;
				GENERATE_INFOPLIST_FILE = YES;
				INFOPLIST_FILE = "TOP NEWS/Info.plist";
				INFOPLIST_KEY_UIApplicationSupportsIndirectInputEvents = YES;
				INFOPLIST_KEY_UILaunchStoryboardName = LaunchScreen;
				INFOPLIST_KEY_UIMainStoryboardFile = Main;
				INFOPLIST_KEY_UISupportedInterfaceOrientations_iPad = "UIInterfaceOrientationPortrait UIInterfaceOrientationPortraitUpsideDown UIInterfaceOrientationLandscapeLeft UIInterfaceOrientationLandscapeRight";
				INFOPLIST_KEY_UISupportedInterfaceOrientations_iPhone = "UIInterfaceOrientationPortrait UIInterfaceOrientationLandscapeLeft UIInterfaceOrientationLandscapeRight";
				INFOPLIST_KEY_UIUserInterfaceStyle = Light;
				IPHONEOS_DEPLOYMENT_TARGET = 15.0;
				LD_RUNPATH_SEARCH_PATHS = (
					"$(inherited)",
					"@executable_path/Frameworks",
				);
				MARKETING_VERSION = 1.0;
				PRODUCT_BUNDLE_IDENTIFIER = "software.aks.TOP-NEWS";
				PRODUCT_NAME = "$(TARGET_NAME)";
				SWIFT_EMIT_LOC_STRINGS = YES;
				SWIFT_VERSION = 5.0;
				TARGETED_DEVICE_FAMILY = "1,2";
			};
			name = Release;
		};
/* End XCBuildConfiguration section */

/* Begin XCConfigurationList section */
		6D1458E02892579C0050EAF9 /* Build configuration list for PBXProject "TOP NEWS" */ = {
			isa = XCConfigurationList;
			buildConfigurations = (
				6D1458F72892579F0050EAF9 /* Debug */,
				6D1458F82892579F0050EAF9 /* Release */,
			);
			defaultConfigurationIsVisible = 0;
			defaultConfigurationName = Release;
		};
		6D1458F92892579F0050EAF9 /* Build configuration list for PBXNativeTarget "TOP NEWS" */ = {
			isa = XCConfigurationList;
			buildConfigurations = (
				6D1458FA2892579F0050EAF9 /* Debug */,
				6D1458FB2892579F0050EAF9 /* Release */,
			);
			defaultConfigurationIsVisible = 0;
			defaultConfigurationName = Release;
		};
/* End XCConfigurationList section */

/* Begin XCRemoteSwiftPackageReference section */
		6D1458FC289257E10050EAF9 /* XCRemoteSwiftPackageReference "Kingfisher" */ = {
			isa = XCRemoteSwiftPackageReference;
			repositoryURL = "https://github.com/onevcat/Kingfisher.git";
			requirement = {
				kind = exactVersion;
				version = 7.3.0;
			};
		};
/* End XCRemoteSwiftPackageReference section */

/* Begin XCSwiftPackageProductDependency section */
		6D1458FD289257E10050EAF9 /* Kingfisher */ = {
			isa = XCSwiftPackageProductDependency;
			package = 6D1458FC289257E10050EAF9 /* XCRemoteSwiftPackageReference "Kingfisher" */;
			productName = Kingfisher;
		};
/* End XCSwiftPackageProductDependency section */
	};
	rootObject = 6D1458DD2892579C0050EAF9 /* Project object */;
}
